
Microsoft Visual Studio Solution File, Format Version 12.00
# Visual Studio Version 17
VisualStudioVersion = 17.7.34031.279
MinimumVisualStudioVersion = 10.0.40219.1
Project("{FAE04EC0-301F-11D3-BF4B-00C04F79EFBC}") = "API", "API\API.csproj", "{263AEDD4-805F-4DBE-A1C6-792946D57B8B}"
EndProject
Global
	GlobalSection(SolutionConfigurationPlatforms) = preSolution
		Debug|Any CPU = Debug|Any CPU
		Release|Any CPU = Release|Any CPU
	EndGlobalSection
	GlobalSection(ProjectConfigurationPlatforms) = postSolution
		{263AEDD4-805F-4DBE-A1C6-792946D57B8B}.Debug|Any CPU.ActiveCfg = Debug|Any CPU
		{263AEDD4-805F-4DBE-A1C6-792946D57B8B}.Debug|Any CPU.Build.0 = Debug|Any CPU
		{263AEDD4-805F-4DBE-A1C6-792946D57B8B}.Release|Any CPU.ActiveCfg = Release|Any CPU
		{263AEDD4-805F-4DBE-A1C6-792946D57B8B}.Release|Any CPU.Build.0 = Release|Any CPU
	EndGlobalSection
	GlobalSection(SolutionProperties) = preSolution
		HideSolutionNode = FALSE
	EndGlobalSection
	GlobalSection(ExtensibilityGlobals) = postSolution
		SolutionGuid = {99225477-9B16-44E1-A454-02B4B7079885}
	EndGlobalSection
EndGlobal
